
Microsoft Visual Studio Solution File, Format Version 12.00
# Visual Studio Version 17
VisualStudioVersion = 17.5.002.0
MinimumVisualStudioVersion = 10.0.40219.1
Project("{9A19103F-16F7-4668-BE54-9A1E7A4F7556}") = "SavingBlackburn", "SavingBlackburn.csproj", "{A73BABD6-5934-4F12-BE11-17D0E8127EF9}"
EndProject
Global
	GlobalSection(SolutionConfigurationPlatforms) = preSolution
		Debug|Any CPU = Debug|Any CPU
		Release|Any CPU = Release|Any CPU
	EndGlobalSection
	GlobalSection(ProjectConfigurationPlatforms) = postSolution
		{A73BABD6-5934-4F12-BE11-17D0E8127EF9}.Debug|Any CPU.ActiveCfg = Debug|Any CPU
		{A73BABD6-5934-4F12-BE11-17D0E8127EF9}.Debug|Any CPU.Build.0 = Debug|Any CPU
		{A73BABD6-5934-4F12-BE11-17D0E8127EF9}.Release|Any CPU.ActiveCfg = Release|Any CPU
		{A73BABD6-5934-4F12-BE11-17D0E8127EF9}.Release|Any CPU.Build.0 = Release|Any CPU
	EndGlobalSection
	GlobalSection(SolutionProperties) = preSolution
		HideSolutionNode = FALSE
	EndGlobalSection
	GlobalSection(ExtensibilityGlobals) = postSolution
		SolutionGuid = {3CF4E434-D079-4619-A047-EA004B3126C4}
	EndGlobalSection
EndGlobal
